{
  "name": "asgard",
  "lockfileVersion": 3,
  "requires": true,
  "packages": {
    "": {
      "dependencies": {
        "@fancyapps/ui": "^5.0.24",
        "swiper": "^10.3.1"
      }
    },
    "node_modules/@fancyapps/ui": {
      "version": "5.0.24",
      "resolved": "https://registry.npmjs.org/@fancyapps/ui/-/ui-5.0.24.tgz",
      "integrity": "sha512-zdyQLVKY5G4q/l2a8H1p9w5gBfL+sgVOXogoOzREbavzzdDKnNNqBO21fnjxUj+GVmBM8kYSR6LeOYf1nYFhvA=="
    },
    "node_modules/swiper": {
      "version": "10.3.1",
      "resolved": "https://registry.npmjs.org/swiper/-/swiper-10.3.1.tgz",
      "integrity": "sha512-24Wk3YUdZHxjc9faID97GTu6xnLNia+adMt6qMTZG/HgdSUt4fS0REsGUXJOgpTED0Amh/j+gRGQxsLayJUlBQ==",
      "funding": [
        {
          "type": "patreon",
          "url": "https://www.patreon.com/swiperjs"
        },
        {
          "type": "open_collective",
          "url": "http://opencollective.com/swiper"
        }
      ],
      "engines": {
        "node": ">= 4.7.0"
      }
    }
  }
}
